
Microsoft Visual Studio Solution File, Format Version 12.00
# Visual Studio Version 17
VisualStudioVersion = 17.10.35122.118
MinimumVisualStudioVersion = 10.0.40219.1
Project("{9A19103F-16F7-4668-BE54-9A1E7A4F7556}") = "StudentDatabaseApp", "Student Database\StudentDatabaseApp.csproj", "{9178A039-3C0D-462D-82E6-84CCF8060712}"
EndProject
Global
	GlobalSection(SolutionConfigurationPlatforms) = preSolution
		Debug|Any CPU = Debug|Any CPU
		Release|Any CPU = Release|Any CPU
	EndGlobalSection
	GlobalSection(ProjectConfigurationPlatforms) = postSolution
		{9178A039-3C0D-462D-82E6-84CCF8060712}.Debug|Any CPU.ActiveCfg = Debug|Any CPU
		{9178A039-3C0D-462D-82E6-84CCF8060712}.Debug|Any CPU.Build.0 = Debug|Any CPU
		{9178A039-3C0D-462D-82E6-84CCF8060712}.Release|Any CPU.ActiveCfg = Release|Any CPU
		{9178A039-3C0D-462D-82E6-84CCF8060712}.Release|Any CPU.Build.0 = Release|Any CPU
	EndGlobalSection
	GlobalSection(SolutionProperties) = preSolution
		HideSolutionNode = FALSE
	EndGlobalSection
	GlobalSection(ExtensibilityGlobals) = postSolution
		SolutionGuid = {48CA73D1-D4EE-4D45-B1FC-C6D4806654F4}
	EndGlobalSection
EndGlobal
